// !$*UTF8*$!
{
	archiveVersion = 1;
	classes = {
	};
	objectVersion = 56;
	objects = {

/* Begin PBXBuildFile section */
		38F1B325291A3336001FB03E /* BreathKavApp.swift in Sources */ = {isa = PBXBuildFile; fileRef = 38F1B324291A3336001FB03E /* BreathKavApp.swift */; };
		38F1B327291A3336001FB03E /* ContentView.swift in Sources */ = {isa = PBXBuildFile; fileRef = 38F1B326291A3336001FB03E /* ContentView.swift */; };
		38F1B329291A3337001FB03E /* Assets.xcassets in Resources */ = {isa = PBXBuildFile; fileRef = 38F1B328291A3337001FB03E /* Assets.xcassets */; };
		38F1B32C291A3337001FB03E /* Preview Assets.xcassets in Resources */ = {isa = PBXBuildFile; fileRef = 38F1B32B291A3337001FB03E /* Preview Assets.xcassets */; };
		38F1B334291A338F001FB03E /* HomeJavi.swift in Sources */ = {isa = PBXBuildFile; fileRef = 38F1B333291A338F001FB03E /* HomeJavi.swift */; };
		38F1B337291A883A001FB03E /* BreatheType.swift in Sources */ = {isa = PBXBuildFile; fileRef = 38F1B336291A883A001FB03E /* BreatheType.swift */; };
		38F1B339291A885B001FB03E /* Home.swift in Sources */ = {isa = PBXBuildFile; fileRef = 38F1B338291A885B001FB03E /* Home.swift */; };
/* End PBXBuildFile section */

/* Begin PBXFileReference section */
		38F1B321291A3336001FB03E /* BreathKav.app */ = {isa = PBXFileReference; explicitFileType = wrapper.application; includeInIndex = 0; path = BreathKav.app; sourceTree = BUILT_PRODUCTS_DIR; };
		38F1B324291A3336001FB03E /* BreathKavApp.swift */ = {isa = PBXFileReference; lastKnownFileType = sourcecode.swift; path = BreathKavApp.swift; sourceTree = "<group>"; };
		38F1B326291A3336001FB03E /* ContentView.swift */ = {isa = PBXFileReference; lastKnownFileType = sourcecode.swift; path = ContentView.swift; sourceTree = "<group>"; };
		38F1B328291A3337001FB03E /* Assets.xcassets */ = {isa = PBXFileReference; lastKnownFileType = folder.assetcatalog; path = Assets.xcassets; sourceTree = "<group>"; };
		38F1B32B291A3337001FB03E /* Preview Assets.xcassets */ = {isa = PBXFileReference; lastKnownFileType = folder.assetcatalog; path = "Preview Assets.xcassets"; sourceTree = "<group>"; };
		38F1B333291A338F001FB03E /* HomeJavi.swift */ = {isa = PBXFileReference; lastKnownFileType = sourcecode.swift; path = HomeJavi.swift; sourceTree = "<group>"; };
		38F1B336291A883A001FB03E /* BreatheType.swift */ = {isa = PBXFileReference; lastKnownFileType = sourcecode.swift; path = BreatheType.swift; sourceTree = "<group>"; };
		38F1B338291A885B001FB03E /* Home.swift */ = {isa = PBXFileReference; lastKnownFileType = sourcecode.swift; path = Home.swift; sourceTree = "<group>"; };
/* End PBXFileReference section */

/* Begin PBXFrameworksBuildPhase section */
		38F1B31E291A3336001FB03E /* Frameworks */ = {
			isa = PBXFrameworksBuildPhase;
			buildActionMask = 2147483647;
			files = (
			);
			runOnlyForDeploymentPostprocessing = 0;
		};
/* End PBXFrameworksBuildPhase section */

/* Begin PBXGroup section */
		38F1B318291A3336001FB03E = {
			isa = PBXGroup;
			children = (
				38F1B323291A3336001FB03E /* BreathKav */,
				38F1B322291A3336001FB03E /* Products */,
			);
			sourceTree = "<group>";
		};
		38F1B322291A3336001FB03E /* Products */ = {
			isa = PBXGroup;
			children = (
				38F1B321291A3336001FB03E /* BreathKav.app */,
			);
			name = Products;
			sourceTree = "<group>";
		};
		38F1B323291A3336001FB03E /* BreathKav */ = {
			isa = PBXGroup;
			children = (
				38F1B335291A881F001FB03E /* Model */,
				38F1B332291A3385001FB03E /* View */,
				38F1B324291A3336001FB03E /* BreathKavApp.swift */,
				38F1B326291A3336001FB03E /* ContentView.swift */,
				38F1B328291A3337001FB03E /* Assets.xcassets */,
				38F1B32A291A3337001FB03E /* Preview Content */,
			);
			path = BreathKav;
			sourceTree = "<group>";
		};
		38F1B32A291A3337001FB03E /* Preview Content */ = {
			isa = PBXGroup;
			children = (
				38F1B32B291A3337001FB03E /* Preview Assets.xcassets */,
			);
			path = "Preview Content";
			sourceTree = "<group>";
		};
		38F1B332291A3385001FB03E /* View */ = {
			isa = PBXGroup;
			children = (
				38F1B333291A338F001FB03E /* HomeJavi.swift */,
				38F1B338291A885B001FB03E /* Home.swift */,
			);
			path = View;
			sourceTree = "<group>";
		};
		38F1B335291A881F001FB03E /* Model */ = {
			isa = PBXGroup;
			children = (
				38F1B336291A883A001FB03E /* BreatheType.swift */,
			);
			path = Model;
			sourceTree = "<group>";
		};
/* End PBXGroup section */

/* Begin PBXNativeTarget section */
		38F1B320291A3336001FB03E /* BreathKav */ = {
			isa = PBXNativeTarget;
			buildConfigurationList = 38F1B32F291A3337001FB03E /* Build configuration list for PBXNativeTarget "BreathKav" */;
			buildPhases = (
				38F1B31D291A3336001FB03E /* Sources */,
				38F1B31E291A3336001FB03E /* Frameworks */,
				38F1B31F291A3336001FB03E /* Resources */,
			);
			buildRules = (
			);
			dependencies = (
			);
			name = BreathKav;
			productName = BreathKav;
			productReference = 38F1B321291A3336001FB03E /* BreathKav.app */;
			productType = "com.apple.product-type.application";
		};
/* End PBXNativeTarget section */

/* Begin PBXProject section */
		38F1B319291A3336001FB03E /* Project object */ = {
			isa = PBXProject;
			attributes = {
				BuildIndependentTargetsInParallel = 1;
				LastSwiftUpdateCheck = 1410;
				LastUpgradeCheck = 1410;
				TargetAttributes = {
					38F1B320291A3336001FB03E = {
						CreatedOnToolsVersion = 14.1;
					};
				};
			};
			buildConfigurationList = 38F1B31C291A3336001FB03E /* Build configuration list for PBXProject "BreathKav" */;
			compatibilityVersion = "Xcode 14.0";
			developmentRegion = en;
			hasScannedForEncodings = 0;
			knownRegions = (
				en,
				Base,
			);
			mainGroup = 38F1B318291A3336001FB03E;
			productRefGroup = 38F1B322291A3336001FB03E /* Products */;
			projectDirPath = "";
			projectRoot = "";
			targets = (
				38F1B320291A3336001FB03E /* BreathKav */,
			);
		};
/* End PBXProject section */

/* Begin PBXResourcesBuildPhase section */
		38F1B31F291A3336001FB03E /* Resources */ = {
			isa = PBXResourcesBuildPhase;
			buildActionMask = 2147483647;
			files = (
				38F1B32C291A3337001FB03E /* Preview Assets.xcassets in Resources */,
				38F1B329291A3337001FB03E /* Assets.xcassets in Resources */,
			);
			runOnlyForDeploymentPostprocessing = 0;
		};
/* End PBXResourcesBuildPhase section */

/* Begin PBXSourcesBuildPhase section */
		38F1B31D291A3336001FB03E /* Sources */ = {
			isa = PBXSourcesBuildPhase;
			buildActionMask = 2147483647;
			files = (
				38F1B327291A3336001FB03E /* ContentView.swift in Sources */,
				38F1B337291A883A001FB03E /* BreatheType.swift in Sources */,
				38F1B339291A885B001FB03E /* Home.swift in Sources */,
				38F1B325291A3336001FB03E /* BreathKavApp.swift in Sources */,
				38F1B334291A338F001FB03E /* HomeJavi.swift in Sources */,
			);
			runOnlyForDeploymentPostprocessing = 0;
		};
/* End PBXSourcesBuildPhase section */

/* Begin XCBuildConfiguration section */
		38F1B32D291A3337001FB03E /* Debug */ = {
			isa = XCBuildConfiguration;
			buildSettings = {
				ALWAYS_SEARCH_USER_PATHS = NO;
				CLANG_ANALYZER_NONNULL = YES;
				CLANG_ANALYZER_NUMBER_OBJECT_CONVERSION = YES_AGGRESSIVE;
				CLANG_CXX_LANGUAGE_STANDARD = "gnu++20";
				CLANG_ENABLE_MODULES = YES;
				CLANG_ENABLE_OBJC_ARC = YES;
				CLANG_ENABLE_OBJC_WEAK = YES;
				CLANG_WARN_BLOCK_CAPTURE_AUTORELEASING = YES;
				CLANG_WARN_BOOL_CONVERSION = YES;
				CLANG_WARN_COMMA = YES;
				CLANG_WARN_CONSTANT_CONVERSION = YES;
				CLANG_WARN_DEPRECATED_OBJC_IMPLEMENTATIONS = YES;
				CLANG_WARN_DIRECT_OBJC_ISA_USAGE = YES_ERROR;
				CLANG_WARN_DOCUMENTATION_COMMENTS = YES;
				CLANG_WARN_EMPTY_BODY = YES;
				CLANG_WARN_ENUM_CONVERSION = YES;
				CLANG_WARN_INFINITE_RECURSION = YES;
				CLANG_WARN_INT_CONVERSION = YES;
				CLANG_WARN_NON_LITERAL_NULL_CONVERSION = YES;
				CLANG_WARN_OBJC_IMPLICIT_RETAIN_SELF = YES;
				CLANG_WARN_OBJC_LITERAL_CONVERSION = YES;
				CLANG_WARN_OBJC_ROOT_CLASS = YES_ERROR;
				CLANG_WARN_QUOTED_INCLUDE_IN_FRAMEWORK_HEADER = YES;
				CLANG_WARN_RANGE_LOOP_ANALYSIS = YES;
				CLANG_WARN_STRICT_PROTOTYPES = YES;
				CLANG_WARN_SUSPICIOUS_MOVE = YES;
				CLANG_WARN_UNGUARDED_AVAILABILITY = YES_AGGRESSIVE;
				CLANG_WARN_UNREACHABLE_CODE = YES;
				CLANG_WARN__DUPLICATE_METHOD_MATCH = YES;
				COPY_PHASE_STRIP = NO;
				DEBUG_INFORMATION_FORMAT = dwarf;
				ENABLE_STRICT_OBJC_MSGSEND = YES;
				ENABLE_TESTABILITY = YES;
				GCC_C_LANGUAGE_STANDARD = gnu11;
				GCC_DYNAMIC_NO_PIC = NO;
				GCC_NO_COMMON_BLOCKS = YES;
				GCC_OPTIMIZATION_LEVEL = 0;
				GCC_PREPROCESSOR_DEFINITIONS = (
					"DEBUG=1",
					"$(inherited)",
				);
				GCC_WARN_64_TO_32_BIT_CONVERSION = YES;
				GCC_WARN_ABOUT_RETURN_TYPE = YES_ERROR;
				GCC_WARN_UNDECLARED_SELECTOR = YES;
				GCC_WARN_UNINITIALIZED_AUTOS = YES_AGGRESSIVE;
				GCC_WARN_UNUSED_FUNCTION = YES;
				GCC_WARN_UNUSED_VARIABLE = YES;
				IPHONEOS_DEPLOYMENT_TARGET = 16.1;
				MTL_ENABLE_DEBUG_INFO = INCLUDE_SOURCE;
				MTL_FAST_MATH = YES;
				ONLY_ACTIVE_ARCH = YES;
				SDKROOT = iphoneos;
				SWIFT_ACTIVE_COMPILATION_CONDITIONS = DEBUG;
				SWIFT_OPTIMIZATION_LEVEL = "-Onone";
			};
			name = Debug;
		};
		38F1B32E291A3337001FB03E /* Release */ = {
			isa = XCBuildConfiguration;
			buildSettings = {
				ALWAYS_SEARCH_USER_PATHS = NO;
				CLANG_ANALYZER_NONNULL = YES;
				CLANG_ANALYZER_NUMBER_OBJECT_CONVERSION = YES_AGGRESSIVE;
				CLANG_CXX_LANGUAGE_STANDARD = "gnu++20";
				CLANG_ENABLE_MODULES = YES;
				CLANG_ENABLE_OBJC_ARC = YES;
				CLANG_ENABLE_OBJC_WEAK = YES;
				CLANG_WARN_BLOCK_CAPTURE_AUTORELEASING = YES;
				CLANG_WARN_BOOL_CONVERSION = YES;
				CLANG_WARN_COMMA = YES;
				CLANG_WARN_CONSTANT_CONVERSION = YES;
				CLANG_WARN_DEPRECATED_OBJC_IMPLEMENTATIONS = YES;
				CLANG_WARN_DIRECT_OBJC_ISA_USAGE = YES_ERROR;
				CLANG_WARN_DOCUMENTATION_COMMENTS = YES;
				CLANG_WARN_EMPTY_BODY = YES;
				CLANG_WARN_ENUM_CONVERSION = YES;
				CLANG_WARN_INFINITE_RECURSION = YES;
				CLANG_WARN_INT_CONVERSION = YES;
				CLANG_WARN_NON_LITERAL_NULL_CONVERSION = YES;
				CLANG_WARN_OBJC_IMPLICIT_RETAIN_SELF = YES;
				CLANG_WARN_OBJC_LITERAL_CONVERSION = YES;
				CLANG_WARN_OBJC_ROOT_CLASS = YES_ERROR;
				CLANG_WARN_QUOTED_INCLUDE_IN_FRAMEWORK_HEADER = YES;
				CLANG_WARN_RANGE_LOOP_ANALYSIS = YES;
				CLANG_WARN_STRICT_PROTOTYPES = YES;
				CLANG_WARN_SUSPICIOUS_MOVE = YES;
				CLANG_WARN_UNGUARDED_AVAILABILITY = YES_AGGRESSIVE;
				CLANG_WARN_UNREACHABLE_CODE = YES;
				CLANG_WARN__DUPLICATE_METHOD_MATCH = YES;
				COPY_PHASE_STRIP = NO;
				DEBUG_INFORMATION_FORMAT = "dwarf-with-dsym";
				ENABLE_NS_ASSERTIONS = NO;
				ENABLE_STRICT_OBJC_MSGSEND = YES;
				GCC_C_LANGUAGE_STANDARD = gnu11;
				GCC_NO_COMMON_BLOCKS = YES;
				GCC_WARN_64_TO_32_BIT_CONVERSION = YES;
				GCC_WARN_ABOUT_RETURN_TYPE = YES_ERROR;
				GCC_WARN_UNDECLARED_SELECTOR = YES;
				GCC_WARN_UNINITIALIZED_AUTOS = YES_AGGRESSIVE;
				GCC_WARN_UNUSED_FUNCTION = YES;
				GCC_WARN_UNUSED_VARIABLE = YES;
				IPHONEOS_DEPLOYMENT_TARGET = 16.1;
				MTL_ENABLE_DEBUG_INFO = NO;
				MTL_FAST_MATH = YES;
				SDKROOT = iphoneos;
				SWIFT_COMPILATION_MODE = wholemodule;
				SWIFT_OPTIMIZATION_LEVEL = "-O";
				VALIDATE_PRODUCT = YES;
			};
			name = Release;
		};
		38F1B330291A3337001FB03E /* Debug */ = {
			isa = XCBuildConfiguration;
			buildSettings = {
				ASSETCATALOG_COMPILER_APPICON_NAME = AppIcon;
				ASSETCATALOG_COMPILER_GLOBAL_ACCENT_COLOR_NAME = AccentColor;
				CODE_SIGN_STYLE = Automatic;
				CURRENT_PROJECT_VERSION = 1;
				DEVELOPMENT_ASSET_PATHS = "\"BreathKav/Preview Content\"";
				DEVELOPMENT_TEAM = Q3UH963L64;
				ENABLE_PREVIEWS = YES;
				GENERATE_INFOPLIST_FILE = YES;
				INFOPLIST_KEY_UIApplicationSceneManifest_Generation = YES;
				INFOPLIST_KEY_UIApplicationSupportsIndirectInputEvents = YES;
				INFOPLIST_KEY_UILaunchScreen_Generation = YES;
				INFOPLIST_KEY_UISupportedInterfaceOrientations_iPad = "UIInterfaceOrientationPortrait UIInterfaceOrientationPortraitUpsideDown UIInterfaceOrientationLandscapeLeft UIInterfaceOrientationLandscapeRight";
				INFOPLIST_KEY_UISupportedInterfaceOrientations_iPhone = "UIInterfaceOrientationPortrait UIInterfaceOrientationLandscapeLeft UIInterfaceOrientationLandscapeRight";
				IPHONEOS_DEPLOYMENT_TARGET = 16.0;
				LD_RUNPATH_SEARCH_PATHS = (
					"$(inherited)",
					"@executable_path/Frameworks",
				);
				MARKETING_VERSION = 1.0;
				PRODUCT_BUNDLE_IDENTIFIER = com.jrwappdev.BreathKav;
				PRODUCT_NAME = "$(TARGET_NAME)";
				SWIFT_EMIT_LOC_STRINGS = YES;
				SWIFT_VERSION = 5.0;
				TARGETED_DEVICE_FAMILY = "1,2";
			};
			name = Debug;
		};
		38F1B331291A3337001FB03E /* Release */ = {
			isa = XCBuildConfiguration;
			buildSettings = {
				ASSETCATALOG_COMPILER_APPICON_NAME = AppIcon;
				ASSETCATALOG_COMPILER_GLOBAL_ACCENT_COLOR_NAME = AccentColor;
				CODE_SIGN_STYLE = Automatic;
				CURRENT_PROJECT_VERSION = 1;
				DEVELOPMENT_ASSET_PATHS = "\"BreathKav/Preview Content\"";
				DEVELOPMENT_TEAM = Q3UH963L64;
				ENABLE_PREVIEWS = YES;
				GENERATE_INFOPLIST_FILE = YES;
				INFOPLIST_KEY_UIApplicationSceneManifest_Generation = YES;
				INFOPLIST_KEY_UIApplicationSupportsIndirectInputEvents = YES;
				INFOPLIST_KEY_UILaunchScreen_Generation = YES;
				INFOPLIST_KEY_UISupportedInterfaceOrientations_iPad = "UIInterfaceOrientationPortrait UIInterfaceOrientationPortraitUpsideDown UIInterfaceOrientationLandscapeLeft UIInterfaceOrientationLandscapeRight";
				INFOPLIST_KEY_UISupportedInterfaceOrientations_iPhone = "UIInterfaceOrientationPortrait UIInterfaceOrientationLandscapeLeft UIInterfaceOrientationLandscapeRight";
				IPHONEOS_DEPLOYMENT_TARGET = 16.0;
				LD_RUNPATH_SEARCH_PATHS = (
					"$(inherited)",
					"@executable_path/Frameworks",
				);
				MARKETING_VERSION = 1.0;
				PRODUCT_BUNDLE_IDENTIFIER = com.jrwappdev.BreathKav;
				PRODUCT_NAME = "$(TARGET_NAME)";
				SWIFT_EMIT_LOC_STRINGS = YES;
				SWIFT_VERSION = 5.0;
				TARGETED_DEVICE_FAMILY = "1,2";
			};
			name = Release;
		};
/* End XCBuildConfiguration section */

/* Begin XCConfigurationList section */
		38F1B31C291A3336001FB03E /* Build configuration list for PBXProject "BreathKav" */ = {
			isa = XCConfigurationList;
			buildConfigurations = (
				38F1B32D291A3337001FB03E /* Debug */,
				38F1B32E291A3337001FB03E /* Release */,
			);
			defaultConfigurationIsVisible = 0;
			defaultConfigurationName = Release;
		};
		38F1B32F291A3337001FB03E /* Build configuration list for PBXNativeTarget "BreathKav" */ = {
			isa = XCConfigurationList;
			buildConfigurations = (
				38F1B330291A3337001FB03E /* Debug */,
				38F1B331291A3337001FB03E /* Release */,
			);
			defaultConfigurationIsVisible = 0;
			defaultConfigurationName = Release;
		};
/* End XCConfigurationList section */
	};
	rootObject = 38F1B319291A3336001FB03E /* Project object */;
}
